
Microsoft Visual Studio Solution File, Format Version 12.00
# Visual Studio 2015
Project("{FAE04EC0-301F-11D3-BF4B-00C04F79EFBC}") = "Edu-Game", "Edu-Game.csproj", "{2EEA9315-7C3D-33F5-B65E-F1F3E9A13C66}"
EndProject
Project("{FAE04EC0-301F-11D3-BF4B-00C04F79EFBC}") = "Edu-Game.Editor", "Edu-Game.Editor.csproj", "{BB58C195-4839-671D-CEDA-D9F79B915ABB}"
EndProject
Global
	GlobalSection(SolutionConfigurationPlatforms) = preSolution
		Debug|Any CPU = Debug|Any CPU
		Release|Any CPU = Release|Any CPU
	EndGlobalSection
	GlobalSection(ProjectConfigurationPlatforms) = postSolution
		{2EEA9315-7C3D-33F5-B65E-F1F3E9A13C66}.Debug|Any CPU.ActiveCfg = Debug|Any CPU
		{2EEA9315-7C3D-33F5-B65E-F1F3E9A13C66}.Debug|Any CPU.Build.0 = Debug|Any CPU
		{2EEA9315-7C3D-33F5-B65E-F1F3E9A13C66}.Release|Any CPU.ActiveCfg = Release|Any CPU
		{2EEA9315-7C3D-33F5-B65E-F1F3E9A13C66}.Release|Any CPU.Build.0 = Release|Any CPU
		{BB58C195-4839-671D-CEDA-D9F79B915ABB}.Debug|Any CPU.ActiveCfg = Debug|Any CPU
		{BB58C195-4839-671D-CEDA-D9F79B915ABB}.Debug|Any CPU.Build.0 = Debug|Any CPU
		{BB58C195-4839-671D-CEDA-D9F79B915ABB}.Release|Any CPU.ActiveCfg = Release|Any CPU
		{BB58C195-4839-671D-CEDA-D9F79B915ABB}.Release|Any CPU.Build.0 = Release|Any CPU
	EndGlobalSection
	GlobalSection(SolutionProperties) = preSolution
		HideSolutionNode = FALSE
	EndGlobalSection
EndGlobal
